// !$*UTF8*$!
{
	archiveVersion = 1;
	classes = {
	};
	objectVersion = 55;
	objects = {

/* Begin PBXBuildFile section */
		1A188FCB1B03D7DFC9C179DD /* Pods_UnitTestExample.framework in Frameworks */ = {isa = PBXBuildFile; fileRef = 474DED3ED6FC8D9CA34D8458 /* Pods_UnitTestExample.framework */; };
		1C10F100E16A4826A070CE32 /* Pods_UnitTestExampleTests.framework in Frameworks */ = {isa = PBXBuildFile; fileRef = 6F067FB77F82C6B522A3B2D4 /* Pods_UnitTestExampleTests.framework */; };
		BF141C5E292754230098B91A /* AppDelegate.swift in Sources */ = {isa = PBXBuildFile; fileRef = BF141C5D292754230098B91A /* AppDelegate.swift */; };
		BF141C60292754230098B91A /* SceneDelegate.swift in Sources */ = {isa = PBXBuildFile; fileRef = BF141C5F292754230098B91A /* SceneDelegate.swift */; };
		BF141C65292754230098B91A /* Main.storyboard in Resources */ = {isa = PBXBuildFile; fileRef = BF141C63292754230098B91A /* Main.storyboard */; };
		BF141C67292754240098B91A /* Assets.xcassets in Resources */ = {isa = PBXBuildFile; fileRef = BF141C66292754240098B91A /* Assets.xcassets */; };
		BF141C6A292754240098B91A /* LaunchScreen.storyboard in Resources */ = {isa = PBXBuildFile; fileRef = BF141C68292754240098B91A /* LaunchScreen.storyboard */; };
		BF141C75292754250098B91A /* UnitTestExampleTests.swift in Sources */ = {isa = PBXBuildFile; fileRef = BF141C74292754250098B91A /* UnitTestExampleTests.swift */; };
		BF45D295293D8CA800EDEDE8 /* ViewController.swift in Sources */ = {isa = PBXBuildFile; fileRef = BF45D294293D8CA800EDEDE8 /* ViewController.swift */; };
		BF45D297293DD85400EDEDE8 /* UnitTestExampleFakeTests.swift in Sources */ = {isa = PBXBuildFile; fileRef = BF45D296293DD85400EDEDE8 /* UnitTestExampleFakeTests.swift */; };
		BF45D299293DDA4D00EDEDE8 /* UnitTestExampleMockTests.swift in Sources */ = {isa = PBXBuildFile; fileRef = BF45D298293DDA4D00EDEDE8 /* UnitTestExampleMockTests.swift */; };
		BF45D2A6293DE5E200EDEDE8 /* UnitTextExampleSlow.swift in Sources */ = {isa = PBXBuildFile; fileRef = BF45D2A5293DE5E200EDEDE8 /* UnitTextExampleSlow.swift */; };
		BF45D2B3293DEA3900EDEDE8 /* UnitTestExampleUITests.swift in Sources */ = {isa = PBXBuildFile; fileRef = BF45D2B2293DEA3900EDEDE8 /* UnitTestExampleUITests.swift */; };
		BF45D2B5293DEA3900EDEDE8 /* UnitTestExampleUITestsLaunchTests.swift in Sources */ = {isa = PBXBuildFile; fileRef = BF45D2B4293DEA3900EDEDE8 /* UnitTestExampleUITestsLaunchTests.swift */; };
		BF991524292C8D4600544BC6 /* BullsEyeGame.swift in Sources */ = {isa = PBXBuildFile; fileRef = BF991523292C8D4600544BC6 /* BullsEyeGame.swift */; };
		BFF0CA4A292DD5780019EE3D /* NetworkMonitor.swift in Sources */ = {isa = PBXBuildFile; fileRef = BFF0CA49292DD5780019EE3D /* NetworkMonitor.swift */; };
		BFF0CA4C292DD6930019EE3D /* URLSessionStub.swift in Sources */ = {isa = PBXBuildFile; fileRef = BFF0CA4B292DD6930019EE3D /* URLSessionStub.swift */; };
/* End PBXBuildFile section */

/* Begin PBXContainerItemProxy section */
		BF141C71292754250098B91A /* PBXContainerItemProxy */ = {
			isa = PBXContainerItemProxy;
			containerPortal = BF141C52292754230098B91A /* Project object */;
			proxyType = 1;
			remoteGlobalIDString = BF141C59292754230098B91A;
			remoteInfo = UnitTestExample;
		};
		BF45D2A7293DE5E200EDEDE8 /* PBXContainerItemProxy */ = {
			isa = PBXContainerItemProxy;
			containerPortal = BF141C52292754230098B91A /* Project object */;
			proxyType = 1;
			remoteGlobalIDString = BF141C59292754230098B91A;
			remoteInfo = UnitTestExample;
		};
		BF45D2B6293DEA3900EDEDE8 /* PBXContainerItemProxy */ = {
			isa = PBXContainerItemProxy;
			containerPortal = BF141C52292754230098B91A /* Project object */;
			proxyType = 1;
			remoteGlobalIDString = BF141C59292754230098B91A;
			remoteInfo = UnitTestExample;
		};
/* End PBXContainerItemProxy section */

/* Begin PBXFileReference section */
		34623B3CF7649DEE3C257E72 /* Pods-UnitTestExample-UnitTestExampleUITests.debug.xcconfig */ = {isa = PBXFileReference; includeInIndex = 1; lastKnownFileType = text.xcconfig; name = "Pods-UnitTestExample-UnitTestExampleUITests.debug.xcconfig"; path = "Target Support Files/Pods-UnitTestExample-UnitTestExampleUITests/Pods-UnitTestExample-UnitTestExampleUITests.debug.xcconfig"; sourceTree = "<group>"; };
		364B60E281D291CF2F94B804 /* Pods-UnitTestExample-UnitTestExampleUITests.release.xcconfig */ = {isa = PBXFileReference; includeInIndex = 1; lastKnownFileType = text.xcconfig; name = "Pods-UnitTestExample-UnitTestExampleUITests.release.xcconfig"; path = "Target Support Files/Pods-UnitTestExample-UnitTestExampleUITests/Pods-UnitTestExample-UnitTestExampleUITests.release.xcconfig"; sourceTree = "<group>"; };
		474DED3ED6FC8D9CA34D8458 /* Pods_UnitTestExample.framework */ = {isa = PBXFileReference; explicitFileType = wrapper.framework; includeInIndex = 0; path = Pods_UnitTestExample.framework; sourceTree = BUILT_PRODUCTS_DIR; };
		54FA544260E71B41DBCA0788 /* Pods_UnitTestExample_UnitTestExampleUITests.framework */ = {isa = PBXFileReference; explicitFileType = wrapper.framework; includeInIndex = 0; path = Pods_UnitTestExample_UnitTestExampleUITests.framework; sourceTree = BUILT_PRODUCTS_DIR; };
		6EBF45B0D3D379DD78E4DAD5 /* Pods-UnitTestExample.debug.xcconfig */ = {isa = PBXFileReference; includeInIndex = 1; lastKnownFileType = text.xcconfig; name = "Pods-UnitTestExample.debug.xcconfig"; path = "Target Support Files/Pods-UnitTestExample/Pods-UnitTestExample.debug.xcconfig"; sourceTree = "<group>"; };
		6F067FB77F82C6B522A3B2D4 /* Pods_UnitTestExampleTests.framework */ = {isa = PBXFileReference; explicitFileType = wrapper.framework; includeInIndex = 0; path = Pods_UnitTestExampleTests.framework; sourceTree = BUILT_PRODUCTS_DIR; };
		808EAB7780C99160AA8BDD6F /* Pods-UnitTestExample.release.xcconfig */ = {isa = PBXFileReference; includeInIndex = 1; lastKnownFileType = text.xcconfig; name = "Pods-UnitTestExample.release.xcconfig"; path = "Target Support Files/Pods-UnitTestExample/Pods-UnitTestExample.release.xcconfig"; sourceTree = "<group>"; };
		8D894DC80256E1AE5C2D982D /* Pods-UnitTestExampleTests.debug.xcconfig */ = {isa = PBXFileReference; includeInIndex = 1; lastKnownFileType = text.xcconfig; name = "Pods-UnitTestExampleTests.debug.xcconfig"; path = "Target Support Files/Pods-UnitTestExampleTests/Pods-UnitTestExampleTests.debug.xcconfig"; sourceTree = "<group>"; };
		9F649924BA9F8E41D6DC58B3 /* Pods-UnitTestExampleTests.release.xcconfig */ = {isa = PBXFileReference; includeInIndex = 1; lastKnownFileType = text.xcconfig; name = "Pods-UnitTestExampleTests.release.xcconfig"; path = "Target Support Files/Pods-UnitTestExampleTests/Pods-UnitTestExampleTests.release.xcconfig"; sourceTree = "<group>"; };
		BF141C5A292754230098B91A /* UnitTestExample.app */ = {isa = PBXFileReference; explicitFileType = wrapper.application; includeInIndex = 0; path = UnitTestExample.app; sourceTree = BUILT_PRODUCTS_DIR; };
		BF141C5D292754230098B91A /* AppDelegate.swift */ = {isa = PBXFileReference; lastKnownFileType = sourcecode.swift; path = AppDelegate.swift; sourceTree = "<group>"; };
		BF141C5F292754230098B91A /* SceneDelegate.swift */ = {isa = PBXFileReference; lastKnownFileType = sourcecode.swift; path = SceneDelegate.swift; sourceTree = "<group>"; };
		BF141C64292754230098B91A /* Base */ = {isa = PBXFileReference; lastKnownFileType = file.storyboard; name = Base; path = Base.lproj/Main.storyboard; sourceTree = "<group>"; };
		BF141C66292754240098B91A /* Assets.xcassets */ = {isa = PBXFileReference; lastKnownFileType = folder.assetcatalog; path = Assets.xcassets; sourceTree = "<group>"; };
		BF141C69292754240098B91A /* Base */ = {isa = PBXFileReference; lastKnownFileType = file.storyboard; name = Base; path = Base.lproj/LaunchScreen.storyboard; sourceTree = "<group>"; };
		BF141C6B292754240098B91A /* Info.plist */ = {isa = PBXFileReference; lastKnownFileType = text.plist.xml; path = Info.plist; sourceTree = "<group>"; };
		BF141C70292754250098B91A /* UnitTestExampleTests.xctest */ = {isa = PBXFileReference; explicitFileType = wrapper.cfbundle; includeInIndex = 0; path = UnitTestExampleTests.xctest; sourceTree = BUILT_PRODUCTS_DIR; };
		BF141C74292754250098B91A /* UnitTestExampleTests.swift */ = {isa = PBXFileReference; lastKnownFileType = sourcecode.swift; path = UnitTestExampleTests.swift; sourceTree = "<group>"; };
		BF45D294293D8CA800EDEDE8 /* ViewController.swift */ = {isa = PBXFileReference; fileEncoding = 4; lastKnownFileType = sourcecode.swift; path = ViewController.swift; sourceTree = "<group>"; };
		BF45D296293DD85400EDEDE8 /* UnitTestExampleFakeTests.swift */ = {isa = PBXFileReference; lastKnownFileType = sourcecode.swift; path = UnitTestExampleFakeTests.swift; sourceTree = "<group>"; };
		BF45D298293DDA4D00EDEDE8 /* UnitTestExampleMockTests.swift */ = {isa = PBXFileReference; lastKnownFileType = sourcecode.swift; path = UnitTestExampleMockTests.swift; sourceTree = "<group>"; };
		BF45D2A3293DE5E100EDEDE8 /* UnitTextExampleSlow.xctest */ = {isa = PBXFileReference; explicitFileType = wrapper.cfbundle; includeInIndex = 0; path = UnitTextExampleSlow.xctest; sourceTree = BUILT_PRODUCTS_DIR; };
		BF45D2A5293DE5E200EDEDE8 /* UnitTextExampleSlow.swift */ = {isa = PBXFileReference; lastKnownFileType = sourcecode.swift; path = UnitTextExampleSlow.swift; sourceTree = "<group>"; };
		BF45D2B0293DEA3900EDEDE8 /* UnitTestExampleUITests.xctest */ = {isa = PBXFileReference; explicitFileType = wrapper.cfbundle; includeInIndex = 0; path = UnitTestExampleUITests.xctest; sourceTree = BUILT_PRODUCTS_DIR; };
		BF45D2B2293DEA3900EDEDE8 /* UnitTestExampleUITests.swift */ = {isa = PBXFileReference; lastKnownFileType = sourcecode.swift; path = UnitTestExampleUITests.swift; sourceTree = "<group>"; };
		BF45D2B4293DEA3900EDEDE8 /* UnitTestExampleUITestsLaunchTests.swift */ = {isa = PBXFileReference; lastKnownFileType = sourcecode.swift; path = UnitTestExampleUITestsLaunchTests.swift; sourceTree = "<group>"; };
		BF991523292C8D4600544BC6 /* BullsEyeGame.swift */ = {isa = PBXFileReference; lastKnownFileType = sourcecode.swift; path = BullsEyeGame.swift; sourceTree = "<group>"; };
		BFF0CA49292DD5780019EE3D /* NetworkMonitor.swift */ = {isa = PBXFileReference; lastKnownFileType = sourcecode.swift; path = NetworkMonitor.swift; sourceTree = "<group>"; };
		BFF0CA4B292DD6930019EE3D /* URLSessionStub.swift */ = {isa = PBXFileReference; lastKnownFileType = sourcecode.swift; path = URLSessionStub.swift; sourceTree = "<group>"; };
/* End PBXFileReference section */

/* Begin PBXFrameworksBuildPhase section */
		BF141C57292754230098B91A /* Frameworks */ = {
			isa = PBXFrameworksBuildPhase;
			buildActionMask = 2147483647;
			files = (
				1A188FCB1B03D7DFC9C179DD /* Pods_UnitTestExample.framework in Frameworks */,
			);
			runOnlyForDeploymentPostprocessing = 0;
		};
		BF141C6D292754250098B91A /* Frameworks */ = {
			isa = PBXFrameworksBuildPhase;
			buildActionMask = 2147483647;
			files = (
				1C10F100E16A4826A070CE32 /* Pods_UnitTestExampleTests.framework in Frameworks */,
			);
			runOnlyForDeploymentPostprocessing = 0;
		};
		BF45D2A0293DE5E100EDEDE8 /* Frameworks */ = {
			isa = PBXFrameworksBuildPhase;
			buildActionMask = 2147483647;
			files = (
			);
			runOnlyForDeploymentPostprocessing = 0;
		};
		BF45D2AD293DEA3900EDEDE8 /* Frameworks */ = {
			isa = PBXFrameworksBuildPhase;
			buildActionMask = 2147483647;
			files = (
			);
			runOnlyForDeploymentPostprocessing = 0;
		};
/* End PBXFrameworksBuildPhase section */

/* Begin PBXGroup section */
		4AA6AB8A42E5D460335ED753 /* Frameworks */ = {
			isa = PBXGroup;
			children = (
				474DED3ED6FC8D9CA34D8458 /* Pods_UnitTestExample.framework */,
				54FA544260E71B41DBCA0788 /* Pods_UnitTestExample_UnitTestExampleUITests.framework */,
				6F067FB77F82C6B522A3B2D4 /* Pods_UnitTestExampleTests.framework */,
			);
			name = Frameworks;
			sourceTree = "<group>";
		};
		5C101835AB04B19803A7F382 /* Pods */ = {
			isa = PBXGroup;
			children = (
				6EBF45B0D3D379DD78E4DAD5 /* Pods-UnitTestExample.debug.xcconfig */,
				808EAB7780C99160AA8BDD6F /* Pods-UnitTestExample.release.xcconfig */,
				34623B3CF7649DEE3C257E72 /* Pods-UnitTestExample-UnitTestExampleUITests.debug.xcconfig */,
				364B60E281D291CF2F94B804 /* Pods-UnitTestExample-UnitTestExampleUITests.release.xcconfig */,
				8D894DC80256E1AE5C2D982D /* Pods-UnitTestExampleTests.debug.xcconfig */,
				9F649924BA9F8E41D6DC58B3 /* Pods-UnitTestExampleTests.release.xcconfig */,
			);
			path = Pods;
			sourceTree = "<group>";
		};
		BF141C51292754230098B91A = {
			isa = PBXGroup;
			children = (
				BFF0CA48292DD55D0019EE3D /* SupportingFiles */,
				BF141C5C292754230098B91A /* UnitTestExample */,
				BF141C73292754250098B91A /* UnitTestExampleTests */,
				BF45D2A4293DE5E200EDEDE8 /* UnitTextExampleSlow */,
				BF45D2B1293DEA3900EDEDE8 /* UnitTestExampleUITests */,
				BF141C5B292754230098B91A /* Products */,
				5C101835AB04B19803A7F382 /* Pods */,
				4AA6AB8A42E5D460335ED753 /* Frameworks */,
			);
			sourceTree = "<group>";
		};
		BF141C5B292754230098B91A /* Products */ = {
			isa = PBXGroup;
			children = (
				BF141C5A292754230098B91A /* UnitTestExample.app */,
				BF141C70292754250098B91A /* UnitTestExampleTests.xctest */,
				BF45D2A3293DE5E100EDEDE8 /* UnitTextExampleSlow.xctest */,
				BF45D2B0293DEA3900EDEDE8 /* UnitTestExampleUITests.xctest */,
			);
			name = Products;
			sourceTree = "<group>";
		};
		BF141C5C292754230098B91A /* UnitTestExample */ = {
			isa = PBXGroup;
			children = (
				BF991523292C8D4600544BC6 /* BullsEyeGame.swift */,
				BF141C5D292754230098B91A /* AppDelegate.swift */,
				BF45D294293D8CA800EDEDE8 /* ViewController.swift */,
				BF141C5F292754230098B91A /* SceneDelegate.swift */,
				BF141C63292754230098B91A /* Main.storyboard */,
				BF141C66292754240098B91A /* Assets.xcassets */,
				BF141C68292754240098B91A /* LaunchScreen.storyboard */,
				BF141C6B292754240098B91A /* Info.plist */,
			);
			path = UnitTestExample;
			sourceTree = "<group>";
		};
		BF141C73292754250098B91A /* UnitTestExampleTests */ = {
			isa = PBXGroup;
			children = (
				BF141C74292754250098B91A /* UnitTestExampleTests.swift */,
				BF45D296293DD85400EDEDE8 /* UnitTestExampleFakeTests.swift */,
				BF45D298293DDA4D00EDEDE8 /* UnitTestExampleMockTests.swift */,
			);
			path = UnitTestExampleTests;
			sourceTree = "<group>";
		};
		BF45D2A4293DE5E200EDEDE8 /* UnitTextExampleSlow */ = {
			isa = PBXGroup;
			children = (
				BF45D2A5293DE5E200EDEDE8 /* UnitTextExampleSlow.swift */,
			);
			path = UnitTextExampleSlow;
			sourceTree = "<group>";
		};
		BF45D2B1293DEA3900EDEDE8 /* UnitTestExampleUITests */ = {
			isa = PBXGroup;
			children = (
				BF45D2B2293DEA3900EDEDE8 /* UnitTestExampleUITests.swift */,
				BF45D2B4293DEA3900EDEDE8 /* UnitTestExampleUITestsLaunchTests.swift */,
			);
			path = UnitTestExampleUITests;
			sourceTree = "<group>";
		};
		BFF0CA48292DD55D0019EE3D /* SupportingFiles */ = {
			isa = PBXGroup;
			children = (
				BFF0CA49292DD5780019EE3D /* NetworkMonitor.swift */,
				BFF0CA4B292DD6930019EE3D /* URLSessionStub.swift */,
			);
			path = SupportingFiles;
			sourceTree = "<group>";
		};
/* End PBXGroup section */

/* Begin PBXNativeTarget section */
		BF141C59292754230098B91A /* UnitTestExample */ = {
			isa = PBXNativeTarget;
			buildConfigurationList = BF141C84292754250098B91A /* Build configuration list for PBXNativeTarget "UnitTestExample" */;
			buildPhases = (
				A564336411D4237D80BBDE4E /* [CP] Check Pods Manifest.lock */,
				BF141C56292754230098B91A /* Sources */,
				BF141C57292754230098B91A /* Frameworks */,
				BF141C58292754230098B91A /* Resources */,
				628C118F8114A776F00403BF /* [CP] Embed Pods Frameworks */,
			);
			buildRules = (
			);
			dependencies = (
			);
			name = UnitTestExample;
			productName = UnitTestExample;
			productReference = BF141C5A292754230098B91A /* UnitTestExample.app */;
			productType = "com.apple.product-type.application";
		};
		BF141C6F292754250098B91A /* UnitTestExampleTests */ = {
			isa = PBXNativeTarget;
			buildConfigurationList = BF141C87292754250098B91A /* Build configuration list for PBXNativeTarget "UnitTestExampleTests" */;
			buildPhases = (
				982240441146C2E42889DBD7 /* [CP] Check Pods Manifest.lock */,
				BF141C6C292754250098B91A /* Sources */,
				BF141C6D292754250098B91A /* Frameworks */,
				BF141C6E292754250098B91A /* Resources */,
			);
			buildRules = (
			);
			dependencies = (
				BF141C72292754250098B91A /* PBXTargetDependency */,
			);
			name = UnitTestExampleTests;
			productName = UnitTestExampleTests;
			productReference = BF141C70292754250098B91A /* UnitTestExampleTests.xctest */;
			productType = "com.apple.product-type.bundle.unit-test";
		};
		BF45D2A2293DE5E100EDEDE8 /* UnitTextExampleSlow */ = {
			isa = PBXNativeTarget;
			buildConfigurationList = BF45D2A9293DE5E200EDEDE8 /* Build configuration list for PBXNativeTarget "UnitTextExampleSlow" */;
			buildPhases = (
				BF45D29F293DE5E100EDEDE8 /* Sources */,
				BF45D2A0293DE5E100EDEDE8 /* Frameworks */,
				BF45D2A1293DE5E100EDEDE8 /* Resources */,
			);
			buildRules = (
			);
			dependencies = (
				BF45D2A8293DE5E200EDEDE8 /* PBXTargetDependency */,
			);
			name = UnitTextExampleSlow;
			productName = UnitTextExampleSlow;
			productReference = BF45D2A3293DE5E100EDEDE8 /* UnitTextExampleSlow.xctest */;
			productType = "com.apple.product-type.bundle.unit-test";
		};
		BF45D2AF293DEA3900EDEDE8 /* UnitTestExampleUITests */ = {
			isa = PBXNativeTarget;
			buildConfigurationList = BF45D2B8293DEA3900EDEDE8 /* Build configuration list for PBXNativeTarget "UnitTestExampleUITests" */;
			buildPhases = (
				BF45D2AC293DEA3900EDEDE8 /* Sources */,
				BF45D2AD293DEA3900EDEDE8 /* Frameworks */,
				BF45D2AE293DEA3900EDEDE8 /* Resources */,
			);
			buildRules = (
			);
			dependencies = (
				BF45D2B7293DEA3900EDEDE8 /* PBXTargetDependency */,
			);
			name = UnitTestExampleUITests;
			productName = UnitTestExampleUITests;
			productReference = BF45D2B0293DEA3900EDEDE8 /* UnitTestExampleUITests.xctest */;
			productType = "com.apple.product-type.bundle.ui-testing";
		};
/* End PBXNativeTarget section */

/* Begin PBXProject section */
		BF141C52292754230098B91A /* Project object */ = {
			isa = PBXProject;
			attributes = {
				BuildIndependentTargetsInParallel = 1;
				LastSwiftUpdateCheck = 1400;
				LastUpgradeCheck = 1400;
				TargetAttributes = {
					BF141C59292754230098B91A = {
						CreatedOnToolsVersion = 14.0.1;
					};
					BF141C6F292754250098B91A = {
						CreatedOnToolsVersion = 14.0.1;
						TestTargetID = BF141C59292754230098B91A;
					};
					BF45D2A2293DE5E100EDEDE8 = {
						CreatedOnToolsVersion = 14.0.1;
						TestTargetID = BF141C59292754230098B91A;
					};
					BF45D2AF293DEA3900EDEDE8 = {
						CreatedOnToolsVersion = 14.0.1;
						TestTargetID = BF141C59292754230098B91A;
					};
				};
			};
			buildConfigurationList = BF141C55292754230098B91A /* Build configuration list for PBXProject "UnitTestExample" */;
			compatibilityVersion = "Xcode 13.0";
			developmentRegion = en;
			hasScannedForEncodings = 0;
			knownRegions = (
				en,
				Base,
			);
			mainGroup = BF141C51292754230098B91A;
			productRefGroup = BF141C5B292754230098B91A /* Products */;
			projectDirPath = "";
			projectRoot = "";
			targets = (
				BF141C59292754230098B91A /* UnitTestExample */,
				BF141C6F292754250098B91A /* UnitTestExampleTests */,
				BF45D2A2293DE5E100EDEDE8 /* UnitTextExampleSlow */,
				BF45D2AF293DEA3900EDEDE8 /* UnitTestExampleUITests */,
			);
		};
/* End PBXProject section */

/* Begin PBXResourcesBuildPhase section */
		BF141C58292754230098B91A /* Resources */ = {
			isa = PBXResourcesBuildPhase;
			buildActionMask = 2147483647;
			files = (
				BF141C6A292754240098B91A /* LaunchScreen.storyboard in Resources */,
				BF141C67292754240098B91A /* Assets.xcassets in Resources */,
				BF141C65292754230098B91A /* Main.storyboard in Resources */,
			);
			runOnlyForDeploymentPostprocessing = 0;
		};
		BF141C6E292754250098B91A /* Resources */ = {
			isa = PBXResourcesBuildPhase;
			buildActionMask = 2147483647;
			files = (
			);
			runOnlyForDeploymentPostprocessing = 0;
		};
		BF45D2A1293DE5E100EDEDE8 /* Resources */ = {
			isa = PBXResourcesBuildPhase;
			buildActionMask = 2147483647;
			files = (
			);
			runOnlyForDeploymentPostprocessing = 0;
		};
		BF45D2AE293DEA3900EDEDE8 /* Resources */ = {
			isa = PBXResourcesBuildPhase;
			buildActionMask = 2147483647;
			files = (
			);
			runOnlyForDeploymentPostprocessing = 0;
		};
/* End PBXResourcesBuildPhase section */

/* Begin PBXShellScriptBuildPhase section */
		628C118F8114A776F00403BF /* [CP] Embed Pods Frameworks */ = {
			isa = PBXShellScriptBuildPhase;
			buildActionMask = 2147483647;
			files = (
			);
			inputFileListPaths = (
				"${PODS_ROOT}/Target Support Files/Pods-UnitTestExample/Pods-UnitTestExample-frameworks-${CONFIGURATION}-input-files.xcfilelist",
			);
			name = "[CP] Embed Pods Frameworks";
			outputFileListPaths = (
				"${PODS_ROOT}/Target Support Files/Pods-UnitTestExample/Pods-UnitTestExample-frameworks-${CONFIGURATION}-output-files.xcfilelist",
			);
			runOnlyForDeploymentPostprocessing = 0;
			shellPath = /bin/sh;
			shellScript = "\"${PODS_ROOT}/Target Support Files/Pods-UnitTestExample/Pods-UnitTestExample-frameworks.sh\"\n";
			showEnvVarsInLog = 0;
		};
		982240441146C2E42889DBD7 /* [CP] Check Pods Manifest.lock */ = {
			isa = PBXShellScriptBuildPhase;
			buildActionMask = 2147483647;
			files = (
			);
			inputFileListPaths = (
			);
			inputPaths = (
				"${PODS_PODFILE_DIR_PATH}/Podfile.lock",
				"${PODS_ROOT}/Manifest.lock",
			);
			name = "[CP] Check Pods Manifest.lock";
			outputFileListPaths = (
			);
			outputPaths = (
				"$(DERIVED_FILE_DIR)/Pods-UnitTestExampleTests-checkManifestLockResult.txt",
			);
			runOnlyForDeploymentPostprocessing = 0;
			shellPath = /bin/sh;
			shellScript = "diff \"${PODS_PODFILE_DIR_PATH}/Podfile.lock\" \"${PODS_ROOT}/Manifest.lock\" > /dev/null\nif [ $? != 0 ] ; then\n    # print error to STDERR\n    echo \"error: The sandbox is not in sync with the Podfile.lock. Run 'pod install' or update your CocoaPods installation.\" >&2\n    exit 1\nfi\n# This output is used by Xcode 'outputs' to avoid re-running this script phase.\necho \"SUCCESS\" > \"${SCRIPT_OUTPUT_FILE_0}\"\n";
			showEnvVarsInLog = 0;
		};
		A564336411D4237D80BBDE4E /* [CP] Check Pods Manifest.lock */ = {
			isa = PBXShellScriptBuildPhase;
			buildActionMask = 2147483647;
			files = (
			);
			inputFileListPaths = (
			);
			inputPaths = (
				"${PODS_PODFILE_DIR_PATH}/Podfile.lock",
				"${PODS_ROOT}/Manifest.lock",
			);
			name = "[CP] Check Pods Manifest.lock";
			outputFileListPaths = (
			);
			outputPaths = (
				"$(DERIVED_FILE_DIR)/Pods-UnitTestExample-checkManifestLockResult.txt",
			);
			runOnlyForDeploymentPostprocessing = 0;
			shellPath = /bin/sh;
			shellScript = "diff \"${PODS_PODFILE_DIR_PATH}/Podfile.lock\" \"${PODS_ROOT}/Manifest.lock\" > /dev/null\nif [ $? != 0 ] ; then\n    # print error to STDERR\n    echo \"error: The sandbox is not in sync with the Podfile.lock. Run 'pod install' or update your CocoaPods installation.\" >&2\n    exit 1\nfi\n# This output is used by Xcode 'outputs' to avoid re-running this script phase.\necho \"SUCCESS\" > \"${SCRIPT_OUTPUT_FILE_0}\"\n";
			showEnvVarsInLog = 0;
		};
/* End PBXShellScriptBuildPhase section */

/* Begin PBXSourcesBuildPhase section */
		BF141C56292754230098B91A /* Sources */ = {
			isa = PBXSourcesBuildPhase;
			buildActionMask = 2147483647;
			files = (
				BF45D295293D8CA800EDEDE8 /* ViewController.swift in Sources */,
				BF991524292C8D4600544BC6 /* BullsEyeGame.swift in Sources */,
				BFF0CA4C292DD6930019EE3D /* URLSessionStub.swift in Sources */,
				BFF0CA4A292DD5780019EE3D /* NetworkMonitor.swift in Sources */,
				BF141C5E292754230098B91A /* AppDelegate.swift in Sources */,
				BF141C60292754230098B91A /* SceneDelegate.swift in Sources */,
			);
			runOnlyForDeploymentPostprocessing = 0;
		};
		BF141C6C292754250098B91A /* Sources */ = {
			isa = PBXSourcesBuildPhase;
			buildActionMask = 2147483647;
			files = (
				BF141C75292754250098B91A /* UnitTestExampleTests.swift in Sources */,
				BF45D299293DDA4D00EDEDE8 /* UnitTestExampleMockTests.swift in Sources */,
				BF45D297293DD85400EDEDE8 /* UnitTestExampleFakeTests.swift in Sources */,
			);
			runOnlyForDeploymentPostprocessing = 0;
		};
		BF45D29F293DE5E100EDEDE8 /* Sources */ = {
			isa = PBXSourcesBuildPhase;
			buildActionMask = 2147483647;
			files = (
				BF45D2A6293DE5E200EDEDE8 /* UnitTextExampleSlow.swift in Sources */,
			);
			runOnlyForDeploymentPostprocessing = 0;
		};
		BF45D2AC293DEA3900EDEDE8 /* Sources */ = {
			isa = PBXSourcesBuildPhase;
			buildActionMask = 2147483647;
			files = (
				BF45D2B3293DEA3900EDEDE8 /* UnitTestExampleUITests.swift in Sources */,
				BF45D2B5293DEA3900EDEDE8 /* UnitTestExampleUITestsLaunchTests.swift in Sources */,
			);
			runOnlyForDeploymentPostprocessing = 0;
		};
/* End PBXSourcesBuildPhase section */

/* Begin PBXTargetDependency section */
		BF141C72292754250098B91A /* PBXTargetDependency */ = {
			isa = PBXTargetDependency;
			target = BF141C59292754230098B91A /* UnitTestExample */;
			targetProxy = BF141C71292754250098B91A /* PBXContainerItemProxy */;
		};
		BF45D2A8293DE5E200EDEDE8 /* PBXTargetDependency */ = {
			isa = PBXTargetDependency;
			target = BF141C59292754230098B91A /* UnitTestExample */;
			targetProxy = BF45D2A7293DE5E200EDEDE8 /* PBXContainerItemProxy */;
		};
		BF45D2B7293DEA3900EDEDE8 /* PBXTargetDependency */ = {
			isa = PBXTargetDependency;
			target = BF141C59292754230098B91A /* UnitTestExample */;
			targetProxy = BF45D2B6293DEA3900EDEDE8 /* PBXContainerItemProxy */;
		};
/* End PBXTargetDependency section */

/* Begin PBXVariantGroup section */
		BF141C63292754230098B91A /* Main.storyboard */ = {
			isa = PBXVariantGroup;
			children = (
				BF141C64292754230098B91A /* Base */,
			);
			name = Main.storyboard;
			sourceTree = "<group>";
		};
		BF141C68292754240098B91A /* LaunchScreen.storyboard */ = {
			isa = PBXVariantGroup;
			children = (
				BF141C69292754240098B91A /* Base */,
			);
			name = LaunchScreen.storyboard;
			sourceTree = "<group>";
		};
/* End PBXVariantGroup section */

/* Begin XCBuildConfiguration section */
		BF141C82292754250098B91A /* Debug */ = {
			isa = XCBuildConfiguration;
			buildSettings = {
				ALWAYS_SEARCH_USER_PATHS = NO;
				CLANG_ANALYZER_NONNULL = YES;
				CLANG_ANALYZER_NUMBER_OBJECT_CONVERSION = YES_AGGRESSIVE;
				CLANG_CXX_LANGUAGE_STANDARD = "gnu++20";
				CLANG_ENABLE_MODULES = YES;
				CLANG_ENABLE_OBJC_ARC = YES;
				CLANG_ENABLE_OBJC_WEAK = YES;
				CLANG_WARN_BLOCK_CAPTURE_AUTORELEASING = YES;
				CLANG_WARN_BOOL_CONVERSION = YES;
				CLANG_WARN_COMMA = YES;
				CLANG_WARN_CONSTANT_CONVERSION = YES;
				CLANG_WARN_DEPRECATED_OBJC_IMPLEMENTATIONS = YES;
				CLANG_WARN_DIRECT_OBJC_ISA_USAGE = YES_ERROR;
				CLANG_WARN_DOCUMENTATION_COMMENTS = YES;
				CLANG_WARN_EMPTY_BODY = YES;
				CLANG_WARN_ENUM_CONVERSION = YES;
				CLANG_WARN_INFINITE_RECURSION = YES;
				CLANG_WARN_INT_CONVERSION = YES;
				CLANG_WARN_NON_LITERAL_NULL_CONVERSION = YES;
				CLANG_WARN_OBJC_IMPLICIT_RETAIN_SELF = YES;
				CLANG_WARN_OBJC_LITERAL_CONVERSION = YES;
				CLANG_WARN_OBJC_ROOT_CLASS = YES_ERROR;
				CLANG_WARN_QUOTED_INCLUDE_IN_FRAMEWORK_HEADER = YES;
				CLANG_WARN_RANGE_LOOP_ANALYSIS = YES;
				CLANG_WARN_STRICT_PROTOTYPES = YES;
				CLANG_WARN_SUSPICIOUS_MOVE = YES;
				CLANG_WARN_UNGUARDED_AVAILABILITY = YES_AGGRESSIVE;
				CLANG_WARN_UNREACHABLE_CODE = YES;
				CLANG_WARN__DUPLICATE_METHOD_MATCH = YES;
				COPY_PHASE_STRIP = NO;
				DEBUG_INFORMATION_FORMAT = dwarf;
				ENABLE_STRICT_OBJC_MSGSEND = YES;
				ENABLE_TESTABILITY = YES;
				GCC_C_LANGUAGE_STANDARD = gnu11;
				GCC_DYNAMIC_NO_PIC = NO;
				GCC_NO_COMMON_BLOCKS = YES;
				GCC_OPTIMIZATION_LEVEL = 0;
				GCC_PREPROCESSOR_DEFINITIONS = (
					"DEBUG=1",
					"$(inherited)",
				);
				GCC_WARN_64_TO_32_BIT_CONVERSION = YES;
				GCC_WARN_ABOUT_RETURN_TYPE = YES_ERROR;
				GCC_WARN_UNDECLARED_SELECTOR = YES;
				GCC_WARN_UNINITIALIZED_AUTOS = YES_AGGRESSIVE;
				GCC_WARN_UNUSED_FUNCTION = YES;
				GCC_WARN_UNUSED_VARIABLE = YES;
				IPHONEOS_DEPLOYMENT_TARGET = 16.0;
				MTL_ENABLE_DEBUG_INFO = INCLUDE_SOURCE;
				MTL_FAST_MATH = YES;
				ONLY_ACTIVE_ARCH = YES;
				SDKROOT = iphoneos;
				SWIFT_ACTIVE_COMPILATION_CONDITIONS = DEBUG;
				SWIFT_OPTIMIZATION_LEVEL = "-Onone";
			};
			name = Debug;
		};
		BF141C83292754250098B91A /* Release */ = {
			isa = XCBuildConfiguration;
			buildSettings = {
				ALWAYS_SEARCH_USER_PATHS = NO;
				CLANG_ANALYZER_NONNULL = YES;
				CLANG_ANALYZER_NUMBER_OBJECT_CONVERSION = YES_AGGRESSIVE;
				CLANG_CXX_LANGUAGE_STANDARD = "gnu++20";
				CLANG_ENABLE_MODULES = YES;
				CLANG_ENABLE_OBJC_ARC = YES;
				CLANG_ENABLE_OBJC_WEAK = YES;
				CLANG_WARN_BLOCK_CAPTURE_AUTORELEASING = YES;
				CLANG_WARN_BOOL_CONVERSION = YES;
				CLANG_WARN_COMMA = YES;
				CLANG_WARN_CONSTANT_CONVERSION = YES;
				CLANG_WARN_DEPRECATED_OBJC_IMPLEMENTATIONS = YES;
				CLANG_WARN_DIRECT_OBJC_ISA_USAGE = YES_ERROR;
				CLANG_WARN_DOCUMENTATION_COMMENTS = YES;
				CLANG_WARN_EMPTY_BODY = YES;
				CLANG_WARN_ENUM_CONVERSION = YES;
				CLANG_WARN_INFINITE_RECURSION = YES;
				CLANG_WARN_INT_CONVERSION = YES;
				CLANG_WARN_NON_LITERAL_NULL_CONVERSION = YES;
				CLANG_WARN_OBJC_IMPLICIT_RETAIN_SELF = YES;
				CLANG_WARN_OBJC_LITERAL_CONVERSION = YES;
				CLANG_WARN_OBJC_ROOT_CLASS = YES_ERROR;
				CLANG_WARN_QUOTED_INCLUDE_IN_FRAMEWORK_HEADER = YES;
				CLANG_WARN_RANGE_LOOP_ANALYSIS = YES;
				CLANG_WARN_STRICT_PROTOTYPES = YES;
				CLANG_WARN_SUSPICIOUS_MOVE = YES;
				CLANG_WARN_UNGUARDED_AVAILABILITY = YES_AGGRESSIVE;
				CLANG_WARN_UNREACHABLE_CODE = YES;
				CLANG_WARN__DUPLICATE_METHOD_MATCH = YES;
				COPY_PHASE_STRIP = NO;
				DEBUG_INFORMATION_FORMAT = "dwarf-with-dsym";
				ENABLE_NS_ASSERTIONS = NO;
				ENABLE_STRICT_OBJC_MSGSEND = YES;
				GCC_C_LANGUAGE_STANDARD = gnu11;
				GCC_NO_COMMON_BLOCKS = YES;
				GCC_WARN_64_TO_32_BIT_CONVERSION = YES;
				GCC_WARN_ABOUT_RETURN_TYPE = YES_ERROR;
				GCC_WARN_UNDECLARED_SELECTOR = YES;
				GCC_WARN_UNINITIALIZED_AUTOS = YES_AGGRESSIVE;
				GCC_WARN_UNUSED_FUNCTION = YES;
				GCC_WARN_UNUSED_VARIABLE = YES;
				IPHONEOS_DEPLOYMENT_TARGET = 16.0;
				MTL_ENABLE_DEBUG_INFO = NO;
				MTL_FAST_MATH = YES;
				SDKROOT = iphoneos;
				SWIFT_COMPILATION_MODE = wholemodule;
				SWIFT_OPTIMIZATION_LEVEL = "-O";
				VALIDATE_PRODUCT = YES;
			};
			name = Release;
		};
		BF141C85292754250098B91A /* Debug */ = {
			isa = XCBuildConfiguration;
			baseConfigurationReference = 6EBF45B0D3D379DD78E4DAD5 /* Pods-UnitTestExample.debug.xcconfig */;
			buildSettings = {
				ASSETCATALOG_COMPILER_APPICON_NAME = AppIcon;
				ASSETCATALOG_COMPILER_GLOBAL_ACCENT_COLOR_NAME = AccentColor;
				CODE_SIGN_STYLE = Automatic;
				CURRENT_PROJECT_VERSION = 1;
				DEVELOPMENT_TEAM = GX47BK9CV6;
				GENERATE_INFOPLIST_FILE = YES;
				INFOPLIST_FILE = UnitTestExample/Info.plist;
				INFOPLIST_KEY_UIApplicationSupportsIndirectInputEvents = YES;
				INFOPLIST_KEY_UILaunchStoryboardName = LaunchScreen;
				INFOPLIST_KEY_UIMainStoryboardFile = Main;
				INFOPLIST_KEY_UISupportedInterfaceOrientations_iPad = "UIInterfaceOrientationPortrait UIInterfaceOrientationPortraitUpsideDown UIInterfaceOrientationLandscapeLeft UIInterfaceOrientationLandscapeRight";
				INFOPLIST_KEY_UISupportedInterfaceOrientations_iPhone = "UIInterfaceOrientationPortrait UIInterfaceOrientationLandscapeLeft UIInterfaceOrientationLandscapeRight";
				LD_RUNPATH_SEARCH_PATHS = (
					"$(inherited)",
					"@executable_path/Frameworks",
				);
				MARKETING_VERSION = 1.0;
				PRODUCT_BUNDLE_IDENTIFIER = daesik.test.UnitTestExample;
				PRODUCT_NAME = "$(TARGET_NAME)";
				SUPPORTED_PLATFORMS = "iphoneos iphonesimulator";
				SUPPORTS_MACCATALYST = NO;
				SUPPORTS_MAC_DESIGNED_FOR_IPHONE_IPAD = NO;
				SWIFT_EMIT_LOC_STRINGS = YES;
				SWIFT_VERSION = 5.0;
				TARGETED_DEVICE_FAMILY = 1;
			};
			name = Debug;
		};
		BF141C86292754250098B91A /* Release */ = {
			isa = XCBuildConfiguration;
			baseConfigurationReference = 808EAB7780C99160AA8BDD6F /* Pods-UnitTestExample.release.xcconfig */;
			buildSettings = {
				ASSETCATALOG_COMPILER_APPICON_NAME = AppIcon;
				ASSETCATALOG_COMPILER_GLOBAL_ACCENT_COLOR_NAME = AccentColor;
				CODE_SIGN_STYLE = Automatic;
				CURRENT_PROJECT_VERSION = 1;
				DEVELOPMENT_TEAM = GX47BK9CV6;
				GENERATE_INFOPLIST_FILE = YES;
				INFOPLIST_FILE = UnitTestExample/Info.plist;
				INFOPLIST_KEY_UIApplicationSupportsIndirectInputEvents = YES;
				INFOPLIST_KEY_UILaunchStoryboardName = LaunchScreen;
				INFOPLIST_KEY_UIMainStoryboardFile = Main;
				INFOPLIST_KEY_UISupportedInterfaceOrientations_iPad = "UIInterfaceOrientationPortrait UIInterfaceOrientationPortraitUpsideDown UIInterfaceOrientationLandscapeLeft UIInterfaceOrientationLandscapeRight";
				INFOPLIST_KEY_UISupportedInterfaceOrientations_iPhone = "UIInterfaceOrientationPortrait UIInterfaceOrientationLandscapeLeft UIInterfaceOrientationLandscapeRight";
				LD_RUNPATH_SEARCH_PATHS = (
					"$(inherited)",
					"@executable_path/Frameworks",
				);
				MARKETING_VERSION = 1.0;
				PRODUCT_BUNDLE_IDENTIFIER = daesik.test.UnitTestExample;
				PRODUCT_NAME = "$(TARGET_NAME)";
				SUPPORTED_PLATFORMS = "iphoneos iphonesimulator";
				SUPPORTS_MACCATALYST = NO;
				SUPPORTS_MAC_DESIGNED_FOR_IPHONE_IPAD = NO;
				SWIFT_EMIT_LOC_STRINGS = YES;
				SWIFT_VERSION = 5.0;
				TARGETED_DEVICE_FAMILY = 1;
			};
			name = Release;
		};
		BF141C88292754250098B91A /* Debug */ = {
			isa = XCBuildConfiguration;
			baseConfigurationReference = 8D894DC80256E1AE5C2D982D /* Pods-UnitTestExampleTests.debug.xcconfig */;
			buildSettings = {
				ALWAYS_EMBED_SWIFT_STANDARD_LIBRARIES = YES;
				BUNDLE_LOADER = "$(TEST_HOST)";
				CODE_SIGN_STYLE = Automatic;
				CURRENT_PROJECT_VERSION = 1;
				DEVELOPMENT_TEAM = GX47BK9CV6;
				GENERATE_INFOPLIST_FILE = YES;
				IPHONEOS_DEPLOYMENT_TARGET = 16.0;
				MARKETING_VERSION = 1.0;
				PRODUCT_BUNDLE_IDENTIFIER = daesik.test.UnitTestExampleTests;
				PRODUCT_NAME = "$(TARGET_NAME)";
				SUPPORTED_PLATFORMS = "iphoneos iphonesimulator";
				SUPPORTS_MACCATALYST = NO;
				SUPPORTS_MAC_DESIGNED_FOR_IPHONE_IPAD = NO;
				SWIFT_EMIT_LOC_STRINGS = NO;
				SWIFT_VERSION = 5.0;
				TARGETED_DEVICE_FAMILY = 1;
				TEST_HOST = "$(BUILT_PRODUCTS_DIR)/UnitTestExample.app/$(BUNDLE_EXECUTABLE_FOLDER_PATH)/UnitTestExample";
			};
			name = Debug;
		};
		BF141C89292754250098B91A /* Release */ = {
			isa = XCBuildConfiguration;
			baseConfigurationReference = 9F649924BA9F8E41D6DC58B3 /* Pods-UnitTestExampleTests.release.xcconfig */;
			buildSettings = {
				ALWAYS_EMBED_SWIFT_STANDARD_LIBRARIES = YES;
				BUNDLE_LOADER = "$(TEST_HOST)";
				CODE_SIGN_STYLE = Automatic;
				CURRENT_PROJECT_VERSION = 1;
				DEVELOPMENT_TEAM = GX47BK9CV6;
				GENERATE_INFOPLIST_FILE = YES;
				IPHONEOS_DEPLOYMENT_TARGET = 16.0;
				MARKETING_VERSION = 1.0;
				PRODUCT_BUNDLE_IDENTIFIER = daesik.test.UnitTestExampleTests;
				PRODUCT_NAME = "$(TARGET_NAME)";
				SUPPORTED_PLATFORMS = "iphoneos iphonesimulator";
				SUPPORTS_MACCATALYST = NO;
				SUPPORTS_MAC_DESIGNED_FOR_IPHONE_IPAD = NO;
				SWIFT_EMIT_LOC_STRINGS = NO;
				SWIFT_VERSION = 5.0;
				TARGETED_DEVICE_FAMILY = 1;
				TEST_HOST = "$(BUILT_PRODUCTS_DIR)/UnitTestExample.app/$(BUNDLE_EXECUTABLE_FOLDER_PATH)/UnitTestExample";
			};
			name = Release;
		};
		BF45D2AA293DE5E200EDEDE8 /* Debug */ = {
			isa = XCBuildConfiguration;
			buildSettings = {
				BUNDLE_LOADER = "$(TEST_HOST)";
				CODE_SIGN_STYLE = Automatic;
				CURRENT_PROJECT_VERSION = 1;
				DEVELOPMENT_TEAM = GX47BK9CV6;
				GENERATE_INFOPLIST_FILE = YES;
				MARKETING_VERSION = 1.0;
				PRODUCT_BUNDLE_IDENTIFIER = com.anotherCMC.UnitTextExampleSlow;
				PRODUCT_NAME = "$(TARGET_NAME)";
				SUPPORTED_PLATFORMS = "iphoneos iphonesimulator";
				SUPPORTS_MACCATALYST = NO;
				SUPPORTS_MAC_DESIGNED_FOR_IPHONE_IPAD = NO;
				SWIFT_EMIT_LOC_STRINGS = NO;
				SWIFT_VERSION = 5.0;
				TARGETED_DEVICE_FAMILY = 1;
				TEST_HOST = "$(BUILT_PRODUCTS_DIR)/UnitTestExample.app/$(BUNDLE_EXECUTABLE_FOLDER_PATH)/UnitTestExample";
			};
			name = Debug;
		};
		BF45D2AB293DE5E200EDEDE8 /* Release */ = {
			isa = XCBuildConfiguration;
			buildSettings = {
				BUNDLE_LOADER = "$(TEST_HOST)";
				CODE_SIGN_STYLE = Automatic;
				CURRENT_PROJECT_VERSION = 1;
				DEVELOPMENT_TEAM = GX47BK9CV6;
				GENERATE_INFOPLIST_FILE = YES;
				MARKETING_VERSION = 1.0;
				PRODUCT_BUNDLE_IDENTIFIER = com.anotherCMC.UnitTextExampleSlow;
				PRODUCT_NAME = "$(TARGET_NAME)";
				SUPPORTED_PLATFORMS = "iphoneos iphonesimulator";
				SUPPORTS_MACCATALYST = NO;
				SUPPORTS_MAC_DESIGNED_FOR_IPHONE_IPAD = NO;
				SWIFT_EMIT_LOC_STRINGS = NO;
				SWIFT_VERSION = 5.0;
				TARGETED_DEVICE_FAMILY = 1;
				TEST_HOST = "$(BUILT_PRODUCTS_DIR)/UnitTestExample.app/$(BUNDLE_EXECUTABLE_FOLDER_PATH)/UnitTestExample";
			};
			name = Release;
		};
		BF45D2B9293DEA3900EDEDE8 /* Debug */ = {
			isa = XCBuildConfiguration;
			buildSettings = {
				CODE_SIGN_STYLE = Automatic;
				CURRENT_PROJECT_VERSION = 1;
				DEVELOPMENT_TEAM = GX47BK9CV6;
				GENERATE_INFOPLIST_FILE = YES;
				IPHONEOS_DEPLOYMENT_TARGET = 16.0;
				MACOSX_DEPLOYMENT_TARGET = 12.3;
				MARKETING_VERSION = 1.0;
				PRODUCT_BUNDLE_IDENTIFIER = com.anotherCMC.UnitTestExampleUITests;
				PRODUCT_NAME = "$(TARGET_NAME)";
				SDKROOT = auto;
				SUPPORTED_PLATFORMS = "iphoneos iphonesimulator macosx";
				SWIFT_EMIT_LOC_STRINGS = NO;
				SWIFT_VERSION = 5.0;
				TARGETED_DEVICE_FAMILY = "1,2";
				TEST_TARGET_NAME = UnitTestExample;
			};
			name = Debug;
		};
		BF45D2BA293DEA3900EDEDE8 /* Release */ = {
			isa = XCBuildConfiguration;
			buildSettings = {
				CODE_SIGN_STYLE = Automatic;
				CURRENT_PROJECT_VERSION = 1;
				DEVELOPMENT_TEAM = GX47BK9CV6;
				GENERATE_INFOPLIST_FILE = YES;
				IPHONEOS_DEPLOYMENT_TARGET = 16.0;
				MACOSX_DEPLOYMENT_TARGET = 12.3;
				MARKETING_VERSION = 1.0;
				PRODUCT_BUNDLE_IDENTIFIER = com.anotherCMC.UnitTestExampleUITests;
				PRODUCT_NAME = "$(TARGET_NAME)";
				SDKROOT = auto;
				SUPPORTED_PLATFORMS = "iphoneos iphonesimulator macosx";
				SWIFT_EMIT_LOC_STRINGS = NO;
				SWIFT_VERSION = 5.0;
				TARGETED_DEVICE_FAMILY = "1,2";
				TEST_TARGET_NAME = UnitTestExample;
			};
			name = Release;
		};
/* End XCBuildConfiguration section */

/* Begin XCConfigurationList section */
		BF141C55292754230098B91A /* Build configuration list for PBXProject "UnitTestExample" */ = {
			isa = XCConfigurationList;
			buildConfigurations = (
				BF141C82292754250098B91A /* Debug */,
				BF141C83292754250098B91A /* Release */,
			);
			defaultConfigurationIsVisible = 0;
			defaultConfigurationName = Release;
		};
		BF141C84292754250098B91A /* Build configuration list for PBXNativeTarget "UnitTestExample" */ = {
			isa = XCConfigurationList;
			buildConfigurations = (
				BF141C85292754250098B91A /* Debug */,
				BF141C86292754250098B91A /* Release */,
			);
			defaultConfigurationIsVisible = 0;
			defaultConfigurationName = Release;
		};
		BF141C87292754250098B91A /* Build configuration list for PBXNativeTarget "UnitTestExampleTests" */ = {
			isa = XCConfigurationList;
			buildConfigurations = (
				BF141C88292754250098B91A /* Debug */,
				BF141C89292754250098B91A /* Release */,
			);
			defaultConfigurationIsVisible = 0;
			defaultConfigurationName = Release;
		};
		BF45D2A9293DE5E200EDEDE8 /* Build configuration list for PBXNativeTarget "UnitTextExampleSlow" */ = {
			isa = XCConfigurationList;
			buildConfigurations = (
				BF45D2AA293DE5E200EDEDE8 /* Debug */,
				BF45D2AB293DE5E200EDEDE8 /* Release */,
			);
			defaultConfigurationIsVisible = 0;
			defaultConfigurationName = Release;
		};
		BF45D2B8293DEA3900EDEDE8 /* Build configuration list for PBXNativeTarget "UnitTestExampleUITests" */ = {
			isa = XCConfigurationList;
			buildConfigurations = (
				BF45D2B9293DEA3900EDEDE8 /* Debug */,
				BF45D2BA293DEA3900EDEDE8 /* Release */,
			);
			defaultConfigurationIsVisible = 0;
			defaultConfigurationName = Release;
		};
/* End XCConfigurationList section */
	};
	rootObject = BF141C52292754230098B91A /* Project object */;
}
